
Microsoft Visual Studio Solution File, Format Version 12.00
# Visual Studio Version 16
VisualStudioVersion = 25.0.1704.5
MinimumVisualStudioVersion = 10.0.40219.1
Project("{FAE04EC0-301F-11D3-BF4B-00C04F79EFBC}") = "CSD2", "CSD2\CSD2.csproj", "{D8B68030-3FC3-4D6E-B954-0D862A9FDF58}"
EndProject
Global
	GlobalSection(SolutionConfigurationPlatforms) = preSolution
		Debug|Any CPU = Debug|Any CPU
		Release|Any CPU = Release|Any CPU
	EndGlobalSection
	GlobalSection(ProjectConfigurationPlatforms) = postSolution
		{D8B68030-3FC3-4D6E-B954-0D862A9FDF58}.Debug|Any CPU.ActiveCfg = Debug|Any CPU
		{D8B68030-3FC3-4D6E-B954-0D862A9FDF58}.Debug|Any CPU.Build.0 = Debug|Any CPU
		{D8B68030-3FC3-4D6E-B954-0D862A9FDF58}.Release|Any CPU.ActiveCfg = Release|Any CPU
		{D8B68030-3FC3-4D6E-B954-0D862A9FDF58}.Release|Any CPU.Build.0 = Release|Any CPU
	EndGlobalSection
	GlobalSection(SolutionProperties) = preSolution
		HideSolutionNode = FALSE
	EndGlobalSection
	GlobalSection(ExtensibilityGlobals) = postSolution
		SolutionGuid = {87872304-471B-4890-B356-636A5597C982}
	EndGlobalSection
EndGlobal
